
Microsoft Visual Studio Solution File, Format Version 12.00
# Visual Studio Version 17
VisualStudioVersion = 17.7.34024.191
MinimumVisualStudioVersion = 10.0.40219.1
Project("{FAE04EC0-301F-11D3-BF4B-00C04F79EFBC}") = "LearnApp.Api", "LearnApp.Api\LearnApp.Api.csproj", "{C8107A5A-62C2-494D-A2E2-9B51BDA31384}"
EndProject
Project("{FAE04EC0-301F-11D3-BF4B-00C04F79EFBC}") = "LearnApp.Datastore", "LearnApp.Datastore\LearnApp.Datastore.csproj", "{452A9782-FBFB-4BBF-A8DE-C90C54946F37}"
EndProject
Project("{54A90642-561A-4BB1-A94E-469ADEE60C69}") = "LearnApp.Ui", "LearnApp.Ui\LearnApp.Ui.esproj", "{F773B098-1421-4723-AB5B-AF2752FC30BC}"
EndProject
Project("{FAE04EC0-301F-11D3-BF4B-00C04F79EFBC}") = "LearnApp.Function", "LearnApp.Function\LearnApp.Function.csproj", "{8471AC71-C1AC-4187-829C-635F44CF13BE}"
EndProject
Project("{FAE04EC0-301F-11D3-BF4B-00C04F79EFBC}") = "LearnApp.Services", "LearnApp.Services\LearnApp.Services.csproj", "{CF59C81D-DCE9-4EAB-A0A2-05297BB7E193}"
EndProject
Global
	GlobalSection(SolutionConfigurationPlatforms) = preSolution
		Debug|Any CPU = Debug|Any CPU
		Release|Any CPU = Release|Any CPU
	EndGlobalSection
	GlobalSection(ProjectConfigurationPlatforms) = postSolution
		{C8107A5A-62C2-494D-A2E2-9B51BDA31384}.Debug|Any CPU.ActiveCfg = Debug|Any CPU
		{C8107A5A-62C2-494D-A2E2-9B51BDA31384}.Debug|Any CPU.Build.0 = Debug|Any CPU
		{C8107A5A-62C2-494D-A2E2-9B51BDA31384}.Release|Any CPU.ActiveCfg = Release|Any CPU
		{C8107A5A-62C2-494D-A2E2-9B51BDA31384}.Release|Any CPU.Build.0 = Release|Any CPU
		{452A9782-FBFB-4BBF-A8DE-C90C54946F37}.Debug|Any CPU.ActiveCfg = Debug|Any CPU
		{452A9782-FBFB-4BBF-A8DE-C90C54946F37}.Debug|Any CPU.Build.0 = Debug|Any CPU
		{452A9782-FBFB-4BBF-A8DE-C90C54946F37}.Release|Any CPU.ActiveCfg = Release|Any CPU
		{452A9782-FBFB-4BBF-A8DE-C90C54946F37}.Release|Any CPU.Build.0 = Release|Any CPU
		{F773B098-1421-4723-AB5B-AF2752FC30BC}.Debug|Any CPU.ActiveCfg = Debug|Any CPU
		{F773B098-1421-4723-AB5B-AF2752FC30BC}.Debug|Any CPU.Build.0 = Debug|Any CPU
		{F773B098-1421-4723-AB5B-AF2752FC30BC}.Debug|Any CPU.Deploy.0 = Debug|Any CPU
		{F773B098-1421-4723-AB5B-AF2752FC30BC}.Release|Any CPU.ActiveCfg = Release|Any CPU
		{F773B098-1421-4723-AB5B-AF2752FC30BC}.Release|Any CPU.Build.0 = Release|Any CPU
		{F773B098-1421-4723-AB5B-AF2752FC30BC}.Release|Any CPU.Deploy.0 = Release|Any CPU
		{8471AC71-C1AC-4187-829C-635F44CF13BE}.Debug|Any CPU.ActiveCfg = Debug|Any CPU
		{8471AC71-C1AC-4187-829C-635F44CF13BE}.Debug|Any CPU.Build.0 = Debug|Any CPU
		{8471AC71-C1AC-4187-829C-635F44CF13BE}.Release|Any CPU.ActiveCfg = Release|Any CPU
		{8471AC71-C1AC-4187-829C-635F44CF13BE}.Release|Any CPU.Build.0 = Release|Any CPU
		{CF59C81D-DCE9-4EAB-A0A2-05297BB7E193}.Debug|Any CPU.ActiveCfg = Debug|Any CPU
		{CF59C81D-DCE9-4EAB-A0A2-05297BB7E193}.Debug|Any CPU.Build.0 = Debug|Any CPU
		{CF59C81D-DCE9-4EAB-A0A2-05297BB7E193}.Release|Any CPU.ActiveCfg = Release|Any CPU
		{CF59C81D-DCE9-4EAB-A0A2-05297BB7E193}.Release|Any CPU.Build.0 = Release|Any CPU
	EndGlobalSection
	GlobalSection(SolutionProperties) = preSolution
		HideSolutionNode = FALSE
	EndGlobalSection
	GlobalSection(ExtensibilityGlobals) = postSolution
		SolutionGuid = {70913288-2AF5-4D37-9A92-B5FF6EBBDC3B}
	EndGlobalSection
EndGlobal
